// !$*UTF8*$!
{
	archiveVersion = 1;
	classes = {
	};
	objectVersion = 55;
	objects = {

/* Begin PBXBuildFile section */
		7D2093EC26FF5DBC00F24FBD /* PillApp.swift in Sources */ = {isa = PBXBuildFile; fileRef = 7D2093EB26FF5DBC00F24FBD /* PillApp.swift */; };
		7D2093EE26FF5DBC00F24FBD /* ReminderList.swift in Sources */ = {isa = PBXBuildFile; fileRef = 7D2093ED26FF5DBC00F24FBD /* ReminderList.swift */; };
		7D2093F026FF5DBF00F24FBD /* Assets.xcassets in Resources */ = {isa = PBXBuildFile; fileRef = 7D2093EF26FF5DBF00F24FBD /* Assets.xcassets */; };
		7D2093F326FF5DBF00F24FBD /* Preview Assets.xcassets in Resources */ = {isa = PBXBuildFile; fileRef = 7D2093F226FF5DBF00F24FBD /* Preview Assets.xcassets */; };
		7D2093FD26FF5DBF00F24FBD /* PillTests.swift in Sources */ = {isa = PBXBuildFile; fileRef = 7D2093FC26FF5DBF00F24FBD /* PillTests.swift */; };
		7D20940726FF5DC000F24FBD /* PillUITests.swift in Sources */ = {isa = PBXBuildFile; fileRef = 7D20940626FF5DC000F24FBD /* PillUITests.swift */; };
		7D20940926FF5DC000F24FBD /* PillUITestsLaunchTests.swift in Sources */ = {isa = PBXBuildFile; fileRef = 7D20940826FF5DC000F24FBD /* PillUITestsLaunchTests.swift */; };
		7D20941726FF60CC00F24FBD /* Models.swift in Sources */ = {isa = PBXBuildFile; fileRef = 7D20941626FF60CC00F24FBD /* Models.swift */; };
		7D20941926FF64A500F24FBD /* Data.swift in Sources */ = {isa = PBXBuildFile; fileRef = 7D20941826FF64A500F24FBD /* Data.swift */; };
		7D20941C26FF65C700F24FBD /* ReminderRow.swift in Sources */ = {isa = PBXBuildFile; fileRef = 7D20941B26FF65C700F24FBD /* ReminderRow.swift */; };
		7D20941E26FF68CB00F24FBD /* ReminderEdit.swift in Sources */ = {isa = PBXBuildFile; fileRef = 7D20941D26FF68CB00F24FBD /* ReminderEdit.swift */; };
		7D5996D52719E9710062FDAF /* Notifications.swift in Sources */ = {isa = PBXBuildFile; fileRef = 7D5996D42719E9710062FDAF /* Notifications.swift */; };
		7D5996D72719EB700062FDAF /* Log.swift in Sources */ = {isa = PBXBuildFile; fileRef = 7D5996D62719EB700062FDAF /* Log.swift */; };
		7DE6FFAE271B10C3009B77F0 /* PillSettings.swift in Sources */ = {isa = PBXBuildFile; fileRef = 7DE6FFAD271B10C3009B77F0 /* PillSettings.swift */; };
		7DE6FFB0271C4D3E009B77F0 /* WeekDaysSelector.swift in Sources */ = {isa = PBXBuildFile; fileRef = 7DE6FFAF271C4D3E009B77F0 /* WeekDaysSelector.swift */; };
		7DE6FFB2271C51AF009B77F0 /* DaysOfMonthSelector.swift in Sources */ = {isa = PBXBuildFile; fileRef = 7DE6FFB1271C51AF009B77F0 /* DaysOfMonthSelector.swift */; };
		7DE6FFB4271C7E2E009B77F0 /* README.md in Resources */ = {isa = PBXBuildFile; fileRef = 7DE6FFB3271C7E2D009B77F0 /* README.md */; };
		7DE6FFB6271C8119009B77F0 /* LICENSE in Resources */ = {isa = PBXBuildFile; fileRef = 7DE6FFB5271C8119009B77F0 /* LICENSE */; };
/* End PBXBuildFile section */

/* Begin PBXContainerItemProxy section */
		7D2093F926FF5DBF00F24FBD /* PBXContainerItemProxy */ = {
			isa = PBXContainerItemProxy;
			containerPortal = 7D2093E026FF5DBC00F24FBD /* Project object */;
			proxyType = 1;
			remoteGlobalIDString = 7D2093E726FF5DBC00F24FBD;
			remoteInfo = Pill;
		};
		7D20940326FF5DC000F24FBD /* PBXContainerItemProxy */ = {
			isa = PBXContainerItemProxy;
			containerPortal = 7D2093E026FF5DBC00F24FBD /* Project object */;
			proxyType = 1;
			remoteGlobalIDString = 7D2093E726FF5DBC00F24FBD;
			remoteInfo = Pill;
		};
/* End PBXContainerItemProxy section */

/* Begin PBXFileReference section */
		7D2093E826FF5DBC00F24FBD /* Pill.app */ = {isa = PBXFileReference; explicitFileType = wrapper.application; includeInIndex = 0; path = Pill.app; sourceTree = BUILT_PRODUCTS_DIR; };
		7D2093EB26FF5DBC00F24FBD /* PillApp.swift */ = {isa = PBXFileReference; lastKnownFileType = sourcecode.swift; path = PillApp.swift; sourceTree = "<group>"; };
		7D2093ED26FF5DBC00F24FBD /* ReminderList.swift */ = {isa = PBXFileReference; lastKnownFileType = sourcecode.swift; path = ReminderList.swift; sourceTree = "<group>"; };
		7D2093EF26FF5DBF00F24FBD /* Assets.xcassets */ = {isa = PBXFileReference; lastKnownFileType = folder.assetcatalog; path = Assets.xcassets; sourceTree = "<group>"; };
		7D2093F226FF5DBF00F24FBD /* Preview Assets.xcassets */ = {isa = PBXFileReference; lastKnownFileType = folder.assetcatalog; path = "Preview Assets.xcassets"; sourceTree = "<group>"; };
		7D2093F826FF5DBF00F24FBD /* PillTests.xctest */ = {isa = PBXFileReference; explicitFileType = wrapper.cfbundle; includeInIndex = 0; path = PillTests.xctest; sourceTree = BUILT_PRODUCTS_DIR; };
		7D2093FC26FF5DBF00F24FBD /* PillTests.swift */ = {isa = PBXFileReference; lastKnownFileType = sourcecode.swift; path = PillTests.swift; sourceTree = "<group>"; };
		7D20940226FF5DC000F24FBD /* PillUITests.xctest */ = {isa = PBXFileReference; explicitFileType = wrapper.cfbundle; includeInIndex = 0; path = PillUITests.xctest; sourceTree = BUILT_PRODUCTS_DIR; };
		7D20940626FF5DC000F24FBD /* PillUITests.swift */ = {isa = PBXFileReference; lastKnownFileType = sourcecode.swift; path = PillUITests.swift; sourceTree = "<group>"; };
		7D20940826FF5DC000F24FBD /* PillUITestsLaunchTests.swift */ = {isa = PBXFileReference; lastKnownFileType = sourcecode.swift; path = PillUITestsLaunchTests.swift; sourceTree = "<group>"; };
		7D20941626FF60CC00F24FBD /* Models.swift */ = {isa = PBXFileReference; lastKnownFileType = sourcecode.swift; path = Models.swift; sourceTree = "<group>"; };
		7D20941826FF64A500F24FBD /* Data.swift */ = {isa = PBXFileReference; lastKnownFileType = sourcecode.swift; path = Data.swift; sourceTree = "<group>"; };
		7D20941B26FF65C700F24FBD /* ReminderRow.swift */ = {isa = PBXFileReference; lastKnownFileType = sourcecode.swift; path = ReminderRow.swift; sourceTree = "<group>"; };
		7D20941D26FF68CB00F24FBD /* ReminderEdit.swift */ = {isa = PBXFileReference; lastKnownFileType = sourcecode.swift; path = ReminderEdit.swift; sourceTree = "<group>"; };
		7D5996D42719E9710062FDAF /* Notifications.swift */ = {isa = PBXFileReference; lastKnownFileType = sourcecode.swift; path = Notifications.swift; sourceTree = "<group>"; };
		7D5996D62719EB700062FDAF /* Log.swift */ = {isa = PBXFileReference; lastKnownFileType = sourcecode.swift; path = Log.swift; sourceTree = "<group>"; };
		7DE6FFAD271B10C3009B77F0 /* PillSettings.swift */ = {isa = PBXFileReference; lastKnownFileType = sourcecode.swift; path = PillSettings.swift; sourceTree = "<group>"; };
		7DE6FFAF271C4D3E009B77F0 /* WeekDaysSelector.swift */ = {isa = PBXFileReference; lastKnownFileType = sourcecode.swift; path = WeekDaysSelector.swift; sourceTree = "<group>"; };
		7DE6FFB1271C51AF009B77F0 /* DaysOfMonthSelector.swift */ = {isa = PBXFileReference; lastKnownFileType = sourcecode.swift; path = DaysOfMonthSelector.swift; sourceTree = "<group>"; };
		7DE6FFB3271C7E2D009B77F0 /* README.md */ = {isa = PBXFileReference; fileEncoding = 4; lastKnownFileType = net.daringfireball.markdown; path = README.md; sourceTree = "<group>"; };
		7DE6FFB5271C8119009B77F0 /* LICENSE */ = {isa = PBXFileReference; fileEncoding = 4; lastKnownFileType = text; path = LICENSE; sourceTree = "<group>"; };
/* End PBXFileReference section */

/* Begin PBXFrameworksBuildPhase section */
		7D2093E526FF5DBC00F24FBD /* Frameworks */ = {
			isa = PBXFrameworksBuildPhase;
			buildActionMask = 2147483647;
			files = (
			);
			runOnlyForDeploymentPostprocessing = 0;
		};
		7D2093F526FF5DBF00F24FBD /* Frameworks */ = {
			isa = PBXFrameworksBuildPhase;
			buildActionMask = 2147483647;
			files = (
			);
			runOnlyForDeploymentPostprocessing = 0;
		};
		7D2093FF26FF5DC000F24FBD /* Frameworks */ = {
			isa = PBXFrameworksBuildPhase;
			buildActionMask = 2147483647;
			files = (
			);
			runOnlyForDeploymentPostprocessing = 0;
		};
/* End PBXFrameworksBuildPhase section */

/* Begin PBXGroup section */
		7D2093DF26FF5DBC00F24FBD = {
			isa = PBXGroup;
			children = (
				7DE6FFB5271C8119009B77F0 /* LICENSE */,
				7DE6FFB3271C7E2D009B77F0 /* README.md */,
				7D2093EA26FF5DBC00F24FBD /* Pill */,
				7D2093FB26FF5DBF00F24FBD /* PillTests */,
				7D20940526FF5DC000F24FBD /* PillUITests */,
				7D2093E926FF5DBC00F24FBD /* Products */,
			);
			sourceTree = "<group>";
		};
		7D2093E926FF5DBC00F24FBD /* Products */ = {
			isa = PBXGroup;
			children = (
				7D2093E826FF5DBC00F24FBD /* Pill.app */,
				7D2093F826FF5DBF00F24FBD /* PillTests.xctest */,
				7D20940226FF5DC000F24FBD /* PillUITests.xctest */,
			);
			name = Products;
			sourceTree = "<group>";
		};
		7D2093EA26FF5DBC00F24FBD /* Pill */ = {
			isa = PBXGroup;
			children = (
				7D5996D32718B0350062FDAF /* System */,
				7D20941A26FF65AC00F24FBD /* Views */,
				7D20941526FF60B200F24FBD /* Models */,
				7D2093EB26FF5DBC00F24FBD /* PillApp.swift */,
				7D2093EF26FF5DBF00F24FBD /* Assets.xcassets */,
				7D2093F126FF5DBF00F24FBD /* Preview Content */,
			);
			path = Pill;
			sourceTree = "<group>";
		};
		7D2093F126FF5DBF00F24FBD /* Preview Content */ = {
			isa = PBXGroup;
			children = (
				7D2093F226FF5DBF00F24FBD /* Preview Assets.xcassets */,
			);
			path = "Preview Content";
			sourceTree = "<group>";
		};
		7D2093FB26FF5DBF00F24FBD /* PillTests */ = {
			isa = PBXGroup;
			children = (
				7D2093FC26FF5DBF00F24FBD /* PillTests.swift */,
			);
			path = PillTests;
			sourceTree = "<group>";
		};
		7D20940526FF5DC000F24FBD /* PillUITests */ = {
			isa = PBXGroup;
			children = (
				7D20940626FF5DC000F24FBD /* PillUITests.swift */,
				7D20940826FF5DC000F24FBD /* PillUITestsLaunchTests.swift */,
			);
			path = PillUITests;
			sourceTree = "<group>";
		};
		7D20941526FF60B200F24FBD /* Models */ = {
			isa = PBXGroup;
			children = (
				7D20941626FF60CC00F24FBD /* Models.swift */,
				7D20941826FF64A500F24FBD /* Data.swift */,
			);
			path = Models;
			sourceTree = "<group>";
		};
		7D20941A26FF65AC00F24FBD /* Views */ = {
			isa = PBXGroup;
			children = (
				7D2093ED26FF5DBC00F24FBD /* ReminderList.swift */,
				7DE6FFAF271C4D3E009B77F0 /* WeekDaysSelector.swift */,
				7D20941B26FF65C700F24FBD /* ReminderRow.swift */,
				7D20941D26FF68CB00F24FBD /* ReminderEdit.swift */,
				7DE6FFB1271C51AF009B77F0 /* DaysOfMonthSelector.swift */,
			);
			path = Views;
			sourceTree = "<group>";
		};
		7D5996D32718B0350062FDAF /* System */ = {
			isa = PBXGroup;
			children = (
				7D5996D42719E9710062FDAF /* Notifications.swift */,
				7D5996D62719EB700062FDAF /* Log.swift */,
				7DE6FFAD271B10C3009B77F0 /* PillSettings.swift */,
			);
			path = System;
			sourceTree = "<group>";
		};
/* End PBXGroup section */

/* Begin PBXNativeTarget section */
		7D2093E726FF5DBC00F24FBD /* Pill */ = {
			isa = PBXNativeTarget;
			buildConfigurationList = 7D20940C26FF5DC000F24FBD /* Build configuration list for PBXNativeTarget "Pill" */;
			buildPhases = (
				7D2093E426FF5DBC00F24FBD /* Sources */,
				7D2093E526FF5DBC00F24FBD /* Frameworks */,
				7D2093E626FF5DBC00F24FBD /* Resources */,
			);
			buildRules = (
			);
			dependencies = (
			);
			name = Pill;
			productName = Pill;
			productReference = 7D2093E826FF5DBC00F24FBD /* Pill.app */;
			productType = "com.apple.product-type.application";
		};
		7D2093F726FF5DBF00F24FBD /* PillTests */ = {
			isa = PBXNativeTarget;
			buildConfigurationList = 7D20940F26FF5DC000F24FBD /* Build configuration list for PBXNativeTarget "PillTests" */;
			buildPhases = (
				7D2093F426FF5DBF00F24FBD /* Sources */,
				7D2093F526FF5DBF00F24FBD /* Frameworks */,
				7D2093F626FF5DBF00F24FBD /* Resources */,
			);
			buildRules = (
			);
			dependencies = (
				7D2093FA26FF5DBF00F24FBD /* PBXTargetDependency */,
			);
			name = PillTests;
			productName = PillTests;
			productReference = 7D2093F826FF5DBF00F24FBD /* PillTests.xctest */;
			productType = "com.apple.product-type.bundle.unit-test";
		};
		7D20940126FF5DC000F24FBD /* PillUITests */ = {
			isa = PBXNativeTarget;
			buildConfigurationList = 7D20941226FF5DC000F24FBD /* Build configuration list for PBXNativeTarget "PillUITests" */;
			buildPhases = (
				7D2093FE26FF5DC000F24FBD /* Sources */,
				7D2093FF26FF5DC000F24FBD /* Frameworks */,
				7D20940026FF5DC000F24FBD /* Resources */,
			);
			buildRules = (
			);
			dependencies = (
				7D20940426FF5DC000F24FBD /* PBXTargetDependency */,
			);
			name = PillUITests;
			productName = PillUITests;
			productReference = 7D20940226FF5DC000F24FBD /* PillUITests.xctest */;
			productType = "com.apple.product-type.bundle.ui-testing";
		};
/* End PBXNativeTarget section */

/* Begin PBXProject section */
		7D2093E026FF5DBC00F24FBD /* Project object */ = {
			isa = PBXProject;
			attributes = {
				BuildIndependentTargetsInParallel = 1;
				LastSwiftUpdateCheck = 1300;
				LastUpgradeCheck = 1300;
				TargetAttributes = {
					7D2093E726FF5DBC00F24FBD = {
						CreatedOnToolsVersion = 13.0;
					};
					7D2093F726FF5DBF00F24FBD = {
						CreatedOnToolsVersion = 13.0;
						TestTargetID = 7D2093E726FF5DBC00F24FBD;
					};
					7D20940126FF5DC000F24FBD = {
						CreatedOnToolsVersion = 13.0;
						TestTargetID = 7D2093E726FF5DBC00F24FBD;
					};
				};
			};
			buildConfigurationList = 7D2093E326FF5DBC00F24FBD /* Build configuration list for PBXProject "Pill" */;
			compatibilityVersion = "Xcode 13.0";
			developmentRegion = en;
			hasScannedForEncodings = 0;
			knownRegions = (
				en,
				Base,
			);
			mainGroup = 7D2093DF26FF5DBC00F24FBD;
			productRefGroup = 7D2093E926FF5DBC00F24FBD /* Products */;
			projectDirPath = "";
			projectRoot = "";
			targets = (
				7D2093E726FF5DBC00F24FBD /* Pill */,
				7D2093F726FF5DBF00F24FBD /* PillTests */,
				7D20940126FF5DC000F24FBD /* PillUITests */,
			);
		};
/* End PBXProject section */

/* Begin PBXResourcesBuildPhase section */
		7D2093E626FF5DBC00F24FBD /* Resources */ = {
			isa = PBXResourcesBuildPhase;
			buildActionMask = 2147483647;
			files = (
				7DE6FFB4271C7E2E009B77F0 /* README.md in Resources */,
				7D2093F326FF5DBF00F24FBD /* Preview Assets.xcassets in Resources */,
				7DE6FFB6271C8119009B77F0 /* LICENSE in Resources */,
				7D2093F026FF5DBF00F24FBD /* Assets.xcassets in Resources */,
			);
			runOnlyForDeploymentPostprocessing = 0;
		};
		7D2093F626FF5DBF00F24FBD /* Resources */ = {
			isa = PBXResourcesBuildPhase;
			buildActionMask = 2147483647;
			files = (
			);
			runOnlyForDeploymentPostprocessing = 0;
		};
		7D20940026FF5DC000F24FBD /* Resources */ = {
			isa = PBXResourcesBuildPhase;
			buildActionMask = 2147483647;
			files = (
			);
			runOnlyForDeploymentPostprocessing = 0;
		};
/* End PBXResourcesBuildPhase section */

/* Begin PBXSourcesBuildPhase section */
		7D2093E426FF5DBC00F24FBD /* Sources */ = {
			isa = PBXSourcesBuildPhase;
			buildActionMask = 2147483647;
			files = (
				7D20941726FF60CC00F24FBD /* Models.swift in Sources */,
				7D5996D52719E9710062FDAF /* Notifications.swift in Sources */,
				7D20941C26FF65C700F24FBD /* ReminderRow.swift in Sources */,
				7DE6FFB2271C51AF009B77F0 /* DaysOfMonthSelector.swift in Sources */,
				7D20941926FF64A500F24FBD /* Data.swift in Sources */,
				7D20941E26FF68CB00F24FBD /* ReminderEdit.swift in Sources */,
				7DE6FFB0271C4D3E009B77F0 /* WeekDaysSelector.swift in Sources */,
				7D2093EE26FF5DBC00F24FBD /* ReminderList.swift in Sources */,
				7D5996D72719EB700062FDAF /* Log.swift in Sources */,
				7D2093EC26FF5DBC00F24FBD /* PillApp.swift in Sources */,
				7DE6FFAE271B10C3009B77F0 /* PillSettings.swift in Sources */,
			);
			runOnlyForDeploymentPostprocessing = 0;
		};
		7D2093F426FF5DBF00F24FBD /* Sources */ = {
			isa = PBXSourcesBuildPhase;
			buildActionMask = 2147483647;
			files = (
				7D2093FD26FF5DBF00F24FBD /* PillTests.swift in Sources */,
			);
			runOnlyForDeploymentPostprocessing = 0;
		};
		7D2093FE26FF5DC000F24FBD /* Sources */ = {
			isa = PBXSourcesBuildPhase;
			buildActionMask = 2147483647;
			files = (
				7D20940726FF5DC000F24FBD /* PillUITests.swift in Sources */,
				7D20940926FF5DC000F24FBD /* PillUITestsLaunchTests.swift in Sources */,
			);
			runOnlyForDeploymentPostprocessing = 0;
		};
/* End PBXSourcesBuildPhase section */

/* Begin PBXTargetDependency section */
		7D2093FA26FF5DBF00F24FBD /* PBXTargetDependency */ = {
			isa = PBXTargetDependency;
			target = 7D2093E726FF5DBC00F24FBD /* Pill */;
			targetProxy = 7D2093F926FF5DBF00F24FBD /* PBXContainerItemProxy */;
		};
		7D20940426FF5DC000F24FBD /* PBXTargetDependency */ = {
			isa = PBXTargetDependency;
			target = 7D2093E726FF5DBC00F24FBD /* Pill */;
			targetProxy = 7D20940326FF5DC000F24FBD /* PBXContainerItemProxy */;
		};
/* End PBXTargetDependency section */

/* Begin XCBuildConfiguration section */
		7D20940A26FF5DC000F24FBD /* Debug */ = {
			isa = XCBuildConfiguration;
			buildSettings = {
				ALWAYS_SEARCH_USER_PATHS = NO;
				CLANG_ANALYZER_NONNULL = YES;
				CLANG_ANALYZER_NUMBER_OBJECT_CONVERSION = YES_AGGRESSIVE;
				CLANG_CXX_LANGUAGE_STANDARD = "gnu++17";
				CLANG_CXX_LIBRARY = "libc++";
				CLANG_ENABLE_MODULES = YES;
				CLANG_ENABLE_OBJC_ARC = YES;
				CLANG_ENABLE_OBJC_WEAK = YES;
				CLANG_WARN_BLOCK_CAPTURE_AUTORELEASING = YES;
				CLANG_WARN_BOOL_CONVERSION = YES;
				CLANG_WARN_COMMA = YES;
				CLANG_WARN_CONSTANT_CONVERSION = YES;
				CLANG_WARN_DEPRECATED_OBJC_IMPLEMENTATIONS = YES;
				CLANG_WARN_DIRECT_OBJC_ISA_USAGE = YES_ERROR;
				CLANG_WARN_DOCUMENTATION_COMMENTS = YES;
				CLANG_WARN_EMPTY_BODY = YES;
				CLANG_WARN_ENUM_CONVERSION = YES;
				CLANG_WARN_INFINITE_RECURSION = YES;
				CLANG_WARN_INT_CONVERSION = YES;
				CLANG_WARN_NON_LITERAL_NULL_CONVERSION = YES;
				CLANG_WARN_OBJC_IMPLICIT_RETAIN_SELF = YES;
				CLANG_WARN_OBJC_LITERAL_CONVERSION = YES;
				CLANG_WARN_OBJC_ROOT_CLASS = YES_ERROR;
				CLANG_WARN_QUOTED_INCLUDE_IN_FRAMEWORK_HEADER = YES;
				CLANG_WARN_RANGE_LOOP_ANALYSIS = YES;
				CLANG_WARN_STRICT_PROTOTYPES = YES;
				CLANG_WARN_SUSPICIOUS_MOVE = YES;
				CLANG_WARN_UNGUARDED_AVAILABILITY = YES_AGGRESSIVE;
				CLANG_WARN_UNREACHABLE_CODE = YES;
				CLANG_WARN__DUPLICATE_METHOD_MATCH = YES;
				COPY_PHASE_STRIP = NO;
				DEBUG_INFORMATION_FORMAT = dwarf;
				ENABLE_STRICT_OBJC_MSGSEND = YES;
				ENABLE_TESTABILITY = YES;
				GCC_C_LANGUAGE_STANDARD = gnu11;
				GCC_DYNAMIC_NO_PIC = NO;
				GCC_NO_COMMON_BLOCKS = YES;
				GCC_OPTIMIZATION_LEVEL = 0;
				GCC_PREPROCESSOR_DEFINITIONS = (
					"DEBUG=1",
					"$(inherited)",
				);
				GCC_WARN_64_TO_32_BIT_CONVERSION = YES;
				GCC_WARN_ABOUT_RETURN_TYPE = YES_ERROR;
				GCC_WARN_UNDECLARED_SELECTOR = YES;
				GCC_WARN_UNINITIALIZED_AUTOS = YES_AGGRESSIVE;
				GCC_WARN_UNUSED_FUNCTION = YES;
				GCC_WARN_UNUSED_VARIABLE = YES;
				IPHONEOS_DEPLOYMENT_TARGET = 15.0;
				MTL_ENABLE_DEBUG_INFO = INCLUDE_SOURCE;
				MTL_FAST_MATH = YES;
				ONLY_ACTIVE_ARCH = YES;
				SDKROOT = iphoneos;
				SWIFT_ACTIVE_COMPILATION_CONDITIONS = DEBUG;
				SWIFT_OPTIMIZATION_LEVEL = "-Onone";
			};
			name = Debug;
		};
		7D20940B26FF5DC000F24FBD /* Release */ = {
			isa = XCBuildConfiguration;
			buildSettings = {
				ALWAYS_SEARCH_USER_PATHS = NO;
				CLANG_ANALYZER_NONNULL = YES;
				CLANG_ANALYZER_NUMBER_OBJECT_CONVERSION = YES_AGGRESSIVE;
				CLANG_CXX_LANGUAGE_STANDARD = "gnu++17";
				CLANG_CXX_LIBRARY = "libc++";
				CLANG_ENABLE_MODULES = YES;
				CLANG_ENABLE_OBJC_ARC = YES;
				CLANG_ENABLE_OBJC_WEAK = YES;
				CLANG_WARN_BLOCK_CAPTURE_AUTORELEASING = YES;
				CLANG_WARN_BOOL_CONVERSION = YES;
				CLANG_WARN_COMMA = YES;
				CLANG_WARN_CONSTANT_CONVERSION = YES;
				CLANG_WARN_DEPRECATED_OBJC_IMPLEMENTATIONS = YES;
				CLANG_WARN_DIRECT_OBJC_ISA_USAGE = YES_ERROR;
				CLANG_WARN_DOCUMENTATION_COMMENTS = YES;
				CLANG_WARN_EMPTY_BODY = YES;
				CLANG_WARN_ENUM_CONVERSION = YES;
				CLANG_WARN_INFINITE_RECURSION = YES;
				CLANG_WARN_INT_CONVERSION = YES;
				CLANG_WARN_NON_LITERAL_NULL_CONVERSION = YES;
				CLANG_WARN_OBJC_IMPLICIT_RETAIN_SELF = YES;
				CLANG_WARN_OBJC_LITERAL_CONVERSION = YES;
				CLANG_WARN_OBJC_ROOT_CLASS = YES_ERROR;
				CLANG_WARN_QUOTED_INCLUDE_IN_FRAMEWORK_HEADER = YES;
				CLANG_WARN_RANGE_LOOP_ANALYSIS = YES;
				CLANG_WARN_STRICT_PROTOTYPES = YES;
				CLANG_WARN_SUSPICIOUS_MOVE = YES;
				CLANG_WARN_UNGUARDED_AVAILABILITY = YES_AGGRESSIVE;
				CLANG_WARN_UNREACHABLE_CODE = YES;
				CLANG_WARN__DUPLICATE_METHOD_MATCH = YES;
				COPY_PHASE_STRIP = NO;
				DEBUG_INFORMATION_FORMAT = "dwarf-with-dsym";
				ENABLE_NS_ASSERTIONS = NO;
				ENABLE_STRICT_OBJC_MSGSEND = YES;
				GCC_C_LANGUAGE_STANDARD = gnu11;
				GCC_NO_COMMON_BLOCKS = YES;
				GCC_WARN_64_TO_32_BIT_CONVERSION = YES;
				GCC_WARN_ABOUT_RETURN_TYPE = YES_ERROR;
				GCC_WARN_UNDECLARED_SELECTOR = YES;
				GCC_WARN_UNINITIALIZED_AUTOS = YES_AGGRESSIVE;
				GCC_WARN_UNUSED_FUNCTION = YES;
				GCC_WARN_UNUSED_VARIABLE = YES;
				IPHONEOS_DEPLOYMENT_TARGET = 15.0;
				MTL_ENABLE_DEBUG_INFO = NO;
				MTL_FAST_MATH = YES;
				SDKROOT = iphoneos;
				SWIFT_COMPILATION_MODE = wholemodule;
				SWIFT_OPTIMIZATION_LEVEL = "-O";
				VALIDATE_PRODUCT = YES;
			};
			name = Release;
		};
		7D20940D26FF5DC000F24FBD /* Debug */ = {
			isa = XCBuildConfiguration;
			buildSettings = {
				ASSETCATALOG_COMPILER_APPICON_NAME = AppIcon;
				ASSETCATALOG_COMPILER_GLOBAL_ACCENT_COLOR_NAME = AccentColor;
				CODE_SIGN_STYLE = Automatic;
				CURRENT_PROJECT_VERSION = 1;
				DEVELOPMENT_ASSET_PATHS = "\"Pill/Preview Content\"";
				DEVELOPMENT_TEAM = D2T2QC36Z9;
				ENABLE_PREVIEWS = YES;
				GENERATE_INFOPLIST_FILE = YES;
				INFOPLIST_KEY_UIApplicationSceneManifest_Generation = YES;
				INFOPLIST_KEY_UIApplicationSupportsIndirectInputEvents = YES;
				INFOPLIST_KEY_UILaunchScreen_Generation = YES;
				INFOPLIST_KEY_UISupportedInterfaceOrientations_iPad = "UIInterfaceOrientationPortrait UIInterfaceOrientationPortraitUpsideDown UIInterfaceOrientationLandscapeLeft UIInterfaceOrientationLandscapeRight";
				INFOPLIST_KEY_UISupportedInterfaceOrientations_iPhone = "UIInterfaceOrientationPortrait UIInterfaceOrientationLandscapeLeft UIInterfaceOrientationLandscapeRight";
				IPHONEOS_DEPLOYMENT_TARGET = 15.0;
				LD_RUNPATH_SEARCH_PATHS = (
					"$(inherited)",
					"@executable_path/Frameworks",
				);
				MARKETING_VERSION = 1.0;
				PRODUCT_BUNDLE_IDENTIFIER = com.skogberglabs.Pill;
				PRODUCT_NAME = "$(TARGET_NAME)";
				SWIFT_EMIT_LOC_STRINGS = YES;
				SWIFT_VERSION = 5.0;
				TARGETED_DEVICE_FAMILY = "1,2";
			};
			name = Debug;
		};
		7D20940E26FF5DC000F24FBD /* Release */ = {
			isa = XCBuildConfiguration;
			buildSettings = {
				ASSETCATALOG_COMPILER_APPICON_NAME = AppIcon;
				ASSETCATALOG_COMPILER_GLOBAL_ACCENT_COLOR_NAME = AccentColor;
				CODE_SIGN_STYLE = Automatic;
				CURRENT_PROJECT_VERSION = 1;
				DEVELOPMENT_ASSET_PATHS = "\"Pill/Preview Content\"";
				DEVELOPMENT_TEAM = D2T2QC36Z9;
				ENABLE_PREVIEWS = YES;
				GENERATE_INFOPLIST_FILE = YES;
				INFOPLIST_KEY_UIApplicationSceneManifest_Generation = YES;
				INFOPLIST_KEY_UIApplicationSupportsIndirectInputEvents = YES;
				INFOPLIST_KEY_UILaunchScreen_Generation = YES;
				INFOPLIST_KEY_UISupportedInterfaceOrientations_iPad = "UIInterfaceOrientationPortrait UIInterfaceOrientationPortraitUpsideDown UIInterfaceOrientationLandscapeLeft UIInterfaceOrientationLandscapeRight";
				INFOPLIST_KEY_UISupportedInterfaceOrientations_iPhone = "UIInterfaceOrientationPortrait UIInterfaceOrientationLandscapeLeft UIInterfaceOrientationLandscapeRight";
				IPHONEOS_DEPLOYMENT_TARGET = 15.0;
				LD_RUNPATH_SEARCH_PATHS = (
					"$(inherited)",
					"@executable_path/Frameworks",
				);
				MARKETING_VERSION = 1.0;
				PRODUCT_BUNDLE_IDENTIFIER = com.skogberglabs.Pill;
				PRODUCT_NAME = "$(TARGET_NAME)";
				SWIFT_EMIT_LOC_STRINGS = YES;
				SWIFT_VERSION = 5.0;
				TARGETED_DEVICE_FAMILY = "1,2";
			};
			name = Release;
		};
		7D20941026FF5DC000F24FBD /* Debug */ = {
			isa = XCBuildConfiguration;
			buildSettings = {
				ALWAYS_EMBED_SWIFT_STANDARD_LIBRARIES = YES;
				BUNDLE_LOADER = "$(TEST_HOST)";
				CODE_SIGN_STYLE = Automatic;
				CURRENT_PROJECT_VERSION = 1;
				DEVELOPMENT_TEAM = D2T2QC36Z9;
				GENERATE_INFOPLIST_FILE = YES;
				IPHONEOS_DEPLOYMENT_TARGET = 15.0;
				LD_RUNPATH_SEARCH_PATHS = (
					"$(inherited)",
					"@executable_path/Frameworks",
					"@loader_path/Frameworks",
				);
				MARKETING_VERSION = 1.0;
				PRODUCT_BUNDLE_IDENTIFIER = com.skogberglabs.PillTests;
				PRODUCT_NAME = "$(TARGET_NAME)";
				SWIFT_EMIT_LOC_STRINGS = NO;
				SWIFT_VERSION = 5.0;
				TARGETED_DEVICE_FAMILY = "1,2";
				TEST_HOST = "$(BUILT_PRODUCTS_DIR)/Pill.app/Pill";
			};
			name = Debug;
		};
		7D20941126FF5DC000F24FBD /* Release */ = {
			isa = XCBuildConfiguration;
			buildSettings = {
				ALWAYS_EMBED_SWIFT_STANDARD_LIBRARIES = YES;
				BUNDLE_LOADER = "$(TEST_HOST)";
				CODE_SIGN_STYLE = Automatic;
				CURRENT_PROJECT_VERSION = 1;
				DEVELOPMENT_TEAM = D2T2QC36Z9;
				GENERATE_INFOPLIST_FILE = YES;
				IPHONEOS_DEPLOYMENT_TARGET = 15.0;
				LD_RUNPATH_SEARCH_PATHS = (
					"$(inherited)",
					"@executable_path/Frameworks",
					"@loader_path/Frameworks",
				);
				MARKETING_VERSION = 1.0;
				PRODUCT_BUNDLE_IDENTIFIER = com.skogberglabs.PillTests;
				PRODUCT_NAME = "$(TARGET_NAME)";
				SWIFT_EMIT_LOC_STRINGS = NO;
				SWIFT_VERSION = 5.0;
				TARGETED_DEVICE_FAMILY = "1,2";
				TEST_HOST = "$(BUILT_PRODUCTS_DIR)/Pill.app/Pill";
			};
			name = Release;
		};
		7D20941326FF5DC000F24FBD /* Debug */ = {
			isa = XCBuildConfiguration;
			buildSettings = {
				ALWAYS_EMBED_SWIFT_STANDARD_LIBRARIES = YES;
				CODE_SIGN_STYLE = Automatic;
				CURRENT_PROJECT_VERSION = 1;
				DEVELOPMENT_TEAM = D2T2QC36Z9;
				GENERATE_INFOPLIST_FILE = YES;
				LD_RUNPATH_SEARCH_PATHS = (
					"$(inherited)",
					"@executable_path/Frameworks",
					"@loader_path/Frameworks",
				);
				MARKETING_VERSION = 1.0;
				PRODUCT_BUNDLE_IDENTIFIER = com.skogberglabs.PillUITests;
				PRODUCT_NAME = "$(TARGET_NAME)";
				SWIFT_EMIT_LOC_STRINGS = NO;
				SWIFT_VERSION = 5.0;
				TARGETED_DEVICE_FAMILY = "1,2";
				TEST_TARGET_NAME = Pill;
			};
			name = Debug;
		};
		7D20941426FF5DC000F24FBD /* Release */ = {
			isa = XCBuildConfiguration;
			buildSettings = {
				ALWAYS_EMBED_SWIFT_STANDARD_LIBRARIES = YES;
				CODE_SIGN_STYLE = Automatic;
				CURRENT_PROJECT_VERSION = 1;
				DEVELOPMENT_TEAM = D2T2QC36Z9;
				GENERATE_INFOPLIST_FILE = YES;
				LD_RUNPATH_SEARCH_PATHS = (
					"$(inherited)",
					"@executable_path/Frameworks",
					"@loader_path/Frameworks",
				);
				MARKETING_VERSION = 1.0;
				PRODUCT_BUNDLE_IDENTIFIER = com.skogberglabs.PillUITests;
				PRODUCT_NAME = "$(TARGET_NAME)";
				SWIFT_EMIT_LOC_STRINGS = NO;
				SWIFT_VERSION = 5.0;
				TARGETED_DEVICE_FAMILY = "1,2";
				TEST_TARGET_NAME = Pill;
			};
			name = Release;
		};
/* End XCBuildConfiguration section */

/* Begin XCConfigurationList section */
		7D2093E326FF5DBC00F24FBD /* Build configuration list for PBXProject "Pill" */ = {
			isa = XCConfigurationList;
			buildConfigurations = (
				7D20940A26FF5DC000F24FBD /* Debug */,
				7D20940B26FF5DC000F24FBD /* Release */,
			);
			defaultConfigurationIsVisible = 0;
			defaultConfigurationName = Release;
		};
		7D20940C26FF5DC000F24FBD /* Build configuration list for PBXNativeTarget "Pill" */ = {
			isa = XCConfigurationList;
			buildConfigurations = (
				7D20940D26FF5DC000F24FBD /* Debug */,
				7D20940E26FF5DC000F24FBD /* Release */,
			);
			defaultConfigurationIsVisible = 0;
			defaultConfigurationName = Release;
		};
		7D20940F26FF5DC000F24FBD /* Build configuration list for PBXNativeTarget "PillTests" */ = {
			isa = XCConfigurationList;
			buildConfigurations = (
				7D20941026FF5DC000F24FBD /* Debug */,
				7D20941126FF5DC000F24FBD /* Release */,
			);
			defaultConfigurationIsVisible = 0;
			defaultConfigurationName = Release;
		};
		7D20941226FF5DC000F24FBD /* Build configuration list for PBXNativeTarget "PillUITests" */ = {
			isa = XCConfigurationList;
			buildConfigurations = (
				7D20941326FF5DC000F24FBD /* Debug */,
				7D20941426FF5DC000F24FBD /* Release */,
			);
			defaultConfigurationIsVisible = 0;
			defaultConfigurationName = Release;
		};
/* End XCConfigurationList section */
	};
	rootObject = 7D2093E026FF5DBC00F24FBD /* Project object */;
}
